// !$*UTF8*$!
{
	archiveVersion = 1;
	classes = {
	};
	objectVersion = 56;
	objects = {

/* Begin PBXBuildFile section */
		94CE36D0D764CB042DE31EE2 /* HandsOffTimerApp.swift in Sources */ = {isa = PBXBuildFile; fileRef = C63C0BFC788FA38A281E667C /* HandsOffTimerApp.swift */; };
		B708255B69D310C4F634B875 /* ContentView.swift in Sources */ = {isa = PBXBuildFile; fileRef = 74637F5EB7282A70E82F2A77 /* ContentView.swift */; };
		18ECE8C8E98DFAE781179326 /* AppRouter.swift in Sources */ = {isa = PBXBuildFile; fileRef = 644BCA276B8B72339A0F995C /* AppRouter.swift */; };
		56DEDD8E0C866217213DA951 /* Models.swift in Sources */ = {isa = PBXBuildFile; fileRef = 76C7593C463BC0205EA97835 /* Models.swift */; };
		EED95F5B55A732D7BC221A0E /* Formatters.swift in Sources */ = {isa = PBXBuildFile; fileRef = 033C2AAB8205777E3072DF72 /* Formatters.swift */; };
		932F94323CD0D9B9829F4867 /* Haptics.swift in Sources */ = {isa = PBXBuildFile; fileRef = DDF7A91D59FE678863B5806D /* Haptics.swift */; };
		41C22EE0FEBED99A10504649 /* ChainEngine.swift in Sources */ = {isa = PBXBuildFile; fileRef = C4064B75845DA09BAE8B2022 /* ChainEngine.swift */; };
		81245182CBAC4CDC3C551E3E /* ChainStore.swift in Sources */ = {isa = PBXBuildFile; fileRef = 71B5E91FE14CDEDC234C8847 /* ChainStore.swift */; };
		6E09AC06E72DA81B4362BCB5 /* NotificationGateway.swift in Sources */ = {isa = PBXBuildFile; fileRef = 8BF239A1C403147F86407723 /* NotificationGateway.swift */; };
		E567781651D7CB37B5572042 /* AppDelegate.swift in Sources */ = {isa = PBXBuildFile; fileRef = 28FD129C276B2660B77B8C59 /* AppDelegate.swift */; };
		DC90C3F9F0F4B7B68D6C5394 /* ChainActivityAttributes.swift in Sources */ = {isa = PBXBuildFile; fileRef = 5C453F7819BDEFC4FD1089A9 /* ChainActivityAttributes.swift */; };
		3A18342C764DF58E62D47496 /* LiveActivityController.swift in Sources */ = {isa = PBXBuildFile; fileRef = C916EB88FD21246E3F08EE51 /* LiveActivityController.swift */; };
		B5085FB6C95A5607070D3FC5 /* HomeView.swift in Sources */ = {isa = PBXBuildFile; fileRef = 45A5BF7B07F7FF986E9B3A91 /* HomeView.swift */; };
		C4C83229C0111A286D0D9F97 /* ChainEditorView.swift in Sources */ = {isa = PBXBuildFile; fileRef = 34E00C0261640F48231C7BC0 /* ChainEditorView.swift */; };
		5D1976DC9439AC65DEBBDBE2 /* RunView.swift in Sources */ = {isa = PBXBuildFile; fileRef = C28D4FBE1E1C7EFD6A5ACB0B /* RunView.swift */; };
		7E9DCC1EAE6303F9CB931100 /* ChainActivityWidget.swift in Sources */ = {isa = PBXBuildFile; fileRef = FAAE56B25DB696C8EDBB7849 /* ChainActivityWidget.swift */; };
		16E39014F9B7195E7BF70290 /* ChainActivityAttributes.swift in Sources */ = {isa = PBXBuildFile; fileRef = 5C453F7819BDEFC4FD1089A9 /* ChainActivityAttributes.swift */; };
		BCE4B6C1E4008FC299DBBF34 /* Assets.xcassets in Resources */ = {isa = PBXBuildFile; fileRef = AC9E1AB146F6A81D005752C2 /* Assets.xcassets */; };
		44F5549DBE936ABC68C464B8 /* Assets.xcassets in Resources */ = {isa = PBXBuildFile; fileRef = A041F2287CE4BF63FD99A4D9 /* Assets.xcassets */; };
		EE4D1F18804B20814B3302A9 /* SwiftUI.framework in Frameworks */ = {isa = PBXBuildFile; fileRef = 0E2AE80C122615E76B57CAE6 /* SwiftUI.framework */; };
		7D9281B2E168BD0DE03241FC /* ActivityKit.framework in Frameworks */ = {isa = PBXBuildFile; fileRef = C67F9412589A9B3BB9F84498 /* ActivityKit.framework */; };
		8043E89969EC5A4B9F8C9F17 /* SwiftUI.framework in Frameworks */ = {isa = PBXBuildFile; fileRef = 0E2AE80C122615E76B57CAE6 /* SwiftUI.framework */; };
		6AB206239DF3E3E6EEF8EE09 /* WidgetKit.framework in Frameworks */ = {isa = PBXBuildFile; fileRef = 5252A49CB41A8E76CF422EEB /* WidgetKit.framework */; };
		36A8AB380A32D2004701230A /* ActivityKit.framework in Frameworks */ = {isa = PBXBuildFile; fileRef = C67F9412589A9B3BB9F84498 /* ActivityKit.framework */; };
		E6F1ACD21C913B732DC0936F /* ChainActivityWidget.appex in Embed Foundation Extensions */ = {isa = PBXBuildFile; fileRef = EADE3016B4A2A9BB3D88E396 /* ChainActivityWidget.appex */; settings = {ATTRIBUTES = (RemoveHeadersOnCopy, ); }; };
/* End PBXBuildFile section */

/* Begin PBXContainerItemProxy section */
		AC668E6540A80E73318E8FF3 /* PBXContainerItemProxy */ = {
			isa = PBXContainerItemProxy;
			containerPortal = A10000000000000000000003 /* Project object */;
			proxyType = 1;
			remoteGlobalIDString = A10000000000000000000002;
			remoteInfo = ChainActivityWidget;
		};
/* End PBXContainerItemProxy section */

/* Begin PBXCopyFilesBuildPhase section */
		7BD70B8A4AB04E4784D06DDF /* Embed Foundation Extensions */ = {
			isa = PBXCopyFilesBuildPhase;
			buildActionMask = 2147483647;
			dstPath = "";
			dstSubfolderSpec = 13;
			files = (
				E6F1ACD21C913B732DC0936F /* ChainActivityWidget.appex in Embed Foundation Extensions */,
			);
			name = "Embed Foundation Extensions";
			runOnlyForDeploymentPostprocessing = 0;
		};
/* End PBXCopyFilesBuildPhase section */

/* Begin PBXFileReference section */
		2C427BC9A1E4E03F84ED0387 /* HandsOffTimer.app */ = {isa = PBXFileReference; explicitFileType = wrapper.application; includeInIndex = 0; path = HandsOffTimer.app; sourceTree = BUILT_PRODUCTS_DIR; };
		EADE3016B4A2A9BB3D88E396 /* ChainActivityWidget.appex */ = {isa = PBXFileReference; explicitFileType = "wrapper.app-extension"; includeInIndex = 0; path = ChainActivityWidget.appex; sourceTree = BUILT_PRODUCTS_DIR; };
		C63C0BFC788FA38A281E667C /* HandsOffTimerApp.swift */ = {isa = PBXFileReference; lastKnownFileType = sourcecode.swift; path = HandsOffTimerApp.swift; sourceTree = "<group>"; };
		74637F5EB7282A70E82F2A77 /* ContentView.swift */ = {isa = PBXFileReference; lastKnownFileType = sourcecode.swift; path = ContentView.swift; sourceTree = "<group>"; };
		644BCA276B8B72339A0F995C /* AppRouter.swift */ = {isa = PBXFileReference; lastKnownFileType = sourcecode.swift; path = AppRouter.swift; sourceTree = "<group>"; };
		76C7593C463BC0205EA97835 /* Models.swift */ = {isa = PBXFileReference; lastKnownFileType = sourcecode.swift; path = Models.swift; sourceTree = "<group>"; };
		033C2AAB8205777E3072DF72 /* Formatters.swift */ = {isa = PBXFileReference; lastKnownFileType = sourcecode.swift; path = Formatters.swift; sourceTree = "<group>"; };
		DDF7A91D59FE678863B5806D /* Haptics.swift */ = {isa = PBXFileReference; lastKnownFileType = sourcecode.swift; path = Haptics.swift; sourceTree = "<group>"; };
		C4064B75845DA09BAE8B2022 /* ChainEngine.swift */ = {isa = PBXFileReference; lastKnownFileType = sourcecode.swift; path = ChainEngine.swift; sourceTree = "<group>"; };
		71B5E91FE14CDEDC234C8847 /* ChainStore.swift */ = {isa = PBXFileReference; lastKnownFileType = sourcecode.swift; path = ChainStore.swift; sourceTree = "<group>"; };
		8BF239A1C403147F86407723 /* NotificationGateway.swift */ = {isa = PBXFileReference; lastKnownFileType = sourcecode.swift; path = NotificationGateway.swift; sourceTree = "<group>"; };
		28FD129C276B2660B77B8C59 /* AppDelegate.swift */ = {isa = PBXFileReference; lastKnownFileType = sourcecode.swift; path = AppDelegate.swift; sourceTree = "<group>"; };
		5C453F7819BDEFC4FD1089A9 /* ChainActivityAttributes.swift */ = {isa = PBXFileReference; lastKnownFileType = sourcecode.swift; path = ChainActivityAttributes.swift; sourceTree = "<group>"; };
		C916EB88FD21246E3F08EE51 /* LiveActivityController.swift */ = {isa = PBXFileReference; lastKnownFileType = sourcecode.swift; path = LiveActivityController.swift; sourceTree = "<group>"; };
		45A5BF7B07F7FF986E9B3A91 /* HomeView.swift */ = {isa = PBXFileReference; lastKnownFileType = sourcecode.swift; path = HomeView.swift; sourceTree = "<group>"; };
		34E00C0261640F48231C7BC0 /* ChainEditorView.swift */ = {isa = PBXFileReference; lastKnownFileType = sourcecode.swift; path = ChainEditorView.swift; sourceTree = "<group>"; };
		C28D4FBE1E1C7EFD6A5ACB0B /* RunView.swift */ = {isa = PBXFileReference; lastKnownFileType = sourcecode.swift; path = RunView.swift; sourceTree = "<group>"; };
		FAAE56B25DB696C8EDBB7849 /* ChainActivityWidget.swift */ = {isa = PBXFileReference; lastKnownFileType = sourcecode.swift; path = ChainActivityWidget.swift; sourceTree = "<group>"; };
		AC9E1AB146F6A81D005752C2 /* Assets.xcassets */ = {isa = PBXFileReference; lastKnownFileType = folder.assetcatalog; path = Assets.xcassets; sourceTree = "<group>"; };
		A041F2287CE4BF63FD99A4D9 /* Assets.xcassets */ = {isa = PBXFileReference; lastKnownFileType = folder.assetcatalog; path = Assets.xcassets; sourceTree = "<group>"; };
		10745B4B088F49A413305CA9 /* Info.plist */ = {isa = PBXFileReference; lastKnownFileType = text.plist.xml; path = Info.plist; sourceTree = "<group>"; };
		DFA610C07F5C230B4FBA2F56 /* Info.plist */ = {isa = PBXFileReference; lastKnownFileType = text.plist.xml; path = Info.plist; sourceTree = "<group>"; };
		7D78B91469CEF246F9FF6CEE /* HandsOffTimer.entitlements */ = {isa = PBXFileReference; lastKnownFileType = text.plist.entitlements; path = HandsOffTimer.entitlements; sourceTree = "<group>"; };
		0E2AE80C122615E76B57CAE6 /* SwiftUI.framework */ = {isa = PBXFileReference; lastKnownFileType = wrapper.framework; name = SwiftUI.framework; path = System/Library/Frameworks/SwiftUI.framework; sourceTree = SDKROOT; };
		C67F9412589A9B3BB9F84498 /* ActivityKit.framework */ = {isa = PBXFileReference; lastKnownFileType = wrapper.framework; name = ActivityKit.framework; path = System/Library/Frameworks/ActivityKit.framework; sourceTree = SDKROOT; };
		5252A49CB41A8E76CF422EEB /* WidgetKit.framework */ = {isa = PBXFileReference; lastKnownFileType = wrapper.framework; name = WidgetKit.framework; path = System/Library/Frameworks/WidgetKit.framework; sourceTree = SDKROOT; };
/* End PBXFileReference section */

/* Begin PBXFrameworksBuildPhase section */
		2B9B7AAED1873AB8133BD095 /* Frameworks */ = {
			isa = PBXFrameworksBuildPhase;
			buildActionMask = 2147483647;
			files = (
				EE4D1F18804B20814B3302A9 /* SwiftUI.framework in Frameworks */,
				7D9281B2E168BD0DE03241FC /* ActivityKit.framework in Frameworks */,
			);
			runOnlyForDeploymentPostprocessing = 0;
		};
		3B75DDC5E3EA1403F2DE5A1B /* Frameworks */ = {
			isa = PBXFrameworksBuildPhase;
			buildActionMask = 2147483647;
			files = (
				8043E89969EC5A4B9F8C9F17 /* SwiftUI.framework in Frameworks */,
				6AB206239DF3E3E6EEF8EE09 /* WidgetKit.framework in Frameworks */,
				36A8AB380A32D2004701230A /* ActivityKit.framework in Frameworks */,
			);
			runOnlyForDeploymentPostprocessing = 0;
		};
/* End PBXFrameworksBuildPhase section */

/* Begin PBXGroup section */
		72570F48D06ABB08E3CB1B27 = {
			isa = PBXGroup;
			children = (
				B21DFB28D5DA6CAEC485A089 /* HandsOffTimer */,
				5D0203735B699D07AA037A27 /* ChainActivityWidget */,
				A855A75AEF5D48116D5A2885 /* Docs */,
				B732E633BAD25804C0ADF611 /* Frameworks */,
				41B102442FE27A25848E0FD8 /* Products */,
			);
			sourceTree = "<group>";
		};
		41B102442FE27A25848E0FD8 /* Products */ = {
			isa = PBXGroup;
			children = (
				2C427BC9A1E4E03F84ED0387 /* HandsOffTimer.app */,
				EADE3016B4A2A9BB3D88E396 /* ChainActivityWidget.appex */,
			);
			name = Products;
			sourceTree = "<group>";
		};
		B732E633BAD25804C0ADF611 /* Frameworks */ = {
			isa = PBXGroup;
			children = (
				0E2AE80C122615E76B57CAE6 /* SwiftUI.framework */,
				C67F9412589A9B3BB9F84498 /* ActivityKit.framework */,
				5252A49CB41A8E76CF422EEB /* WidgetKit.framework */,
			);
			name = Frameworks;
			sourceTree = "<group>";
		};
		A855A75AEF5D48116D5A2885 /* Docs */ = {
			isa = PBXGroup;
			children = (
			);
			path = Docs;
			sourceTree = "<group>";
		};
		B21DFB28D5DA6CAEC485A089 /* HandsOffTimer */ = {
			isa = PBXGroup;
			children = (
				C63C0BFC788FA38A281E667C /* HandsOffTimerApp.swift */,
				74637F5EB7282A70E82F2A77 /* ContentView.swift */,
				644BCA276B8B72339A0F995C /* AppRouter.swift */,
				B9E23DFB47099C3B11FD1D70 /* Models */,
				A59DC02B84BC10E35AAADA4E /* Engine */,
				0BFF2106E8D6B1A26F9907DE /* Persistence */,
				CF0EF8356D72D7E72AA7B8A7 /* Notifications */,
				A3E5D2093AA53915465555C3 /* LiveActivity */,
				E686F9E3237B883BADAEA5B2 /* Views */,
				42ACFDF30CD7860662A5E7F8 /* Support */,
				AC9E1AB146F6A81D005752C2 /* Assets.xcassets */,
				10745B4B088F49A413305CA9 /* Info.plist */,
				7D78B91469CEF246F9FF6CEE /* HandsOffTimer.entitlements */,
			);
			path = HandsOffTimer;
			sourceTree = "<group>";
		};
		B9E23DFB47099C3B11FD1D70 /* Models */ = {
			isa = PBXGroup;
			children = (
				76C7593C463BC0205EA97835 /* Models.swift */,
			);
			path = Models;
			sourceTree = "<group>";
		};
		42ACFDF30CD7860662A5E7F8 /* Support */ = {
			isa = PBXGroup;
			children = (
				033C2AAB8205777E3072DF72 /* Formatters.swift */,
				DDF7A91D59FE678863B5806D /* Haptics.swift */,
			);
			path = Support;
			sourceTree = "<group>";
		};
		A59DC02B84BC10E35AAADA4E /* Engine */ = {
			isa = PBXGroup;
			children = (
				C4064B75845DA09BAE8B2022 /* ChainEngine.swift */,
			);
			path = Engine;
			sourceTree = "<group>";
		};
		0BFF2106E8D6B1A26F9907DE /* Persistence */ = {
			isa = PBXGroup;
			children = (
				71B5E91FE14CDEDC234C8847 /* ChainStore.swift */,
			);
			path = Persistence;
			sourceTree = "<group>";
		};
		CF0EF8356D72D7E72AA7B8A7 /* Notifications */ = {
			isa = PBXGroup;
			children = (
				8BF239A1C403147F86407723 /* NotificationGateway.swift */,
				28FD129C276B2660B77B8C59 /* AppDelegate.swift */,
			);
			path = Notifications;
			sourceTree = "<group>";
		};
		A3E5D2093AA53915465555C3 /* LiveActivity */ = {
			isa = PBXGroup;
			children = (
				5C453F7819BDEFC4FD1089A9 /* ChainActivityAttributes.swift */,
				C916EB88FD21246E3F08EE51 /* LiveActivityController.swift */,
			);
			path = LiveActivity;
			sourceTree = "<group>";
		};
		E686F9E3237B883BADAEA5B2 /* Views */ = {
			isa = PBXGroup;
			children = (
				45A5BF7B07F7FF986E9B3A91 /* HomeView.swift */,
				34E00C0261640F48231C7BC0 /* ChainEditorView.swift */,
				C28D4FBE1E1C7EFD6A5ACB0B /* RunView.swift */,
			);
			path = Views;
			sourceTree = "<group>";
		};
		5D0203735B699D07AA037A27 /* ChainActivityWidget */ = {
			isa = PBXGroup;
			children = (
				FAAE56B25DB696C8EDBB7849 /* ChainActivityWidget.swift */,
				A041F2287CE4BF63FD99A4D9 /* Assets.xcassets */,
				DFA610C07F5C230B4FBA2F56 /* Info.plist */,
			);
			path = ChainActivityWidget;
			sourceTree = "<group>";
		};
/* End PBXGroup section */

/* Begin PBXNativeTarget section */
		A10000000000000000000001 /* HandsOffTimer */ = {
			isa = PBXNativeTarget;
			buildConfigurationList = D1BEFC1DE9D33B960EBAA87C /* Build configuration list for PBXNativeTarget "HandsOffTimer" */;
			buildPhases = (
				B141C636F1B8918E6B214FFB /* Sources */,
				2B9B7AAED1873AB8133BD095 /* Frameworks */,
				6179C7E0335FF311E3E06EC5 /* Resources */,
				7BD70B8A4AB04E4784D06DDF /* Embed Foundation Extensions */,
			);
			buildRules = (
			);
			dependencies = (
				6EA506F5A54EF90AB282B4EC /* PBXTargetDependency */,
			);
			name = HandsOffTimer;
			productName = HandsOffTimer;
			productReference = 2C427BC9A1E4E03F84ED0387 /* HandsOffTimer.app */;
			productType = "com.apple.product-type.application";
		};
		A10000000000000000000002 /* ChainActivityWidget */ = {
			isa = PBXNativeTarget;
			buildConfigurationList = 918DD7DDBF3DCE7F79E203F6 /* Build configuration list for PBXNativeTarget "ChainActivityWidget" */;
			buildPhases = (
				CBBB4982600451D87147F4FC /* Sources */,
				3B75DDC5E3EA1403F2DE5A1B /* Frameworks */,
				0D2610FAE28B71543CC8B58A /* Resources */,
			);
			buildRules = (
			);
			dependencies = (
			);
			name = ChainActivityWidget;
			productName = ChainActivityWidget;
			productReference = EADE3016B4A2A9BB3D88E396 /* ChainActivityWidget.appex */;
			productType = "com.apple.product-type.app-extension";
		};
/* End PBXNativeTarget section */

/* Begin PBXProject section */
		A10000000000000000000003 /* Project object */ = {
			isa = PBXProject;
			attributes = {
				BuildIndependentTargetsInParallel = 1;
				LastSwiftUpdateCheck = 1540;
				LastUpgradeCheck = 1540;
				TargetAttributes = {
					A10000000000000000000001 = {
						CreatedOnToolsVersion = 15.4;
					};
					A10000000000000000000002 = {
						CreatedOnToolsVersion = 15.4;
					};
				};
			};
			buildConfigurationList = A8EBF7DF40BB752C0C81F1DD /* Build configuration list for PBXProject "HandsOffTimer" */;
			compatibilityVersion = "Xcode 14.0";
			developmentRegion = en;
			hasScannedForEncodings = 0;
			knownRegions = (
				en,
				Base,
			);
			mainGroup = 72570F48D06ABB08E3CB1B27;
			productRefGroup = 41B102442FE27A25848E0FD8 /* Products */;
			projectDirPath = "";
			projectRoot = "";
			targets = (
				A10000000000000000000001 /* HandsOffTimer */,
				A10000000000000000000002 /* ChainActivityWidget */,
			);
		};
/* End PBXProject section */

/* Begin PBXResourcesBuildPhase section */
		6179C7E0335FF311E3E06EC5 /* Resources */ = {
			isa = PBXResourcesBuildPhase;
			buildActionMask = 2147483647;
			files = (
				BCE4B6C1E4008FC299DBBF34 /* Assets.xcassets in Resources */,
			);
			runOnlyForDeploymentPostprocessing = 0;
		};
		0D2610FAE28B71543CC8B58A /* Resources */ = {
			isa = PBXResourcesBuildPhase;
			buildActionMask = 2147483647;
			files = (
				44F5549DBE936ABC68C464B8 /* Assets.xcassets in Resources */,
			);
			runOnlyForDeploymentPostprocessing = 0;
		};
/* End PBXResourcesBuildPhase section */

/* Begin PBXSourcesBuildPhase section */
		B141C636F1B8918E6B214FFB /* Sources */ = {
			isa = PBXSourcesBuildPhase;
			buildActionMask = 2147483647;
			files = (
				94CE36D0D764CB042DE31EE2 /* HandsOffTimerApp.swift in Sources */,
				B708255B69D310C4F634B875 /* ContentView.swift in Sources */,
				18ECE8C8E98DFAE781179326 /* AppRouter.swift in Sources */,
				56DEDD8E0C866217213DA951 /* Models.swift in Sources */,
				EED95F5B55A732D7BC221A0E /* Formatters.swift in Sources */,
				932F94323CD0D9B9829F4867 /* Haptics.swift in Sources */,
				41C22EE0FEBED99A10504649 /* ChainEngine.swift in Sources */,
				81245182CBAC4CDC3C551E3E /* ChainStore.swift in Sources */,
				6E09AC06E72DA81B4362BCB5 /* NotificationGateway.swift in Sources */,
				E567781651D7CB37B5572042 /* AppDelegate.swift in Sources */,
				DC90C3F9F0F4B7B68D6C5394 /* ChainActivityAttributes.swift in Sources */,
				3A18342C764DF58E62D47496 /* LiveActivityController.swift in Sources */,
				B5085FB6C95A5607070D3FC5 /* HomeView.swift in Sources */,
				C4C83229C0111A286D0D9F97 /* ChainEditorView.swift in Sources */,
				5D1976DC9439AC65DEBBDBE2 /* RunView.swift in Sources */,
			);
			runOnlyForDeploymentPostprocessing = 0;
		};
		CBBB4982600451D87147F4FC /* Sources */ = {
			isa = PBXSourcesBuildPhase;
			buildActionMask = 2147483647;
			files = (
				7E9DCC1EAE6303F9CB931100 /* ChainActivityWidget.swift in Sources */,
				16E39014F9B7195E7BF70290 /* ChainActivityAttributes.swift in Sources */,
			);
			runOnlyForDeploymentPostprocessing = 0;
		};
/* End PBXSourcesBuildPhase section */

/* Begin PBXTargetDependency section */
		6EA506F5A54EF90AB282B4EC /* PBXTargetDependency */ = {
			isa = PBXTargetDependency;
			target = A10000000000000000000002 /* ChainActivityWidget */;
			targetProxy = AC668E6540A80E73318E8FF3 /* PBXContainerItemProxy */;
		};
/* End PBXTargetDependency section */

/* Begin XCBuildConfiguration section */
		60F5D10CE1D47B2A6789CA04 /* Debug */ = {
			isa = XCBuildConfiguration;
			buildSettings = {
				ALWAYS_SEARCH_USER_PATHS = NO;
				CLANG_ANALYZER_NONNULL = YES;
				CLANG_ANALYZER_NUMBER_OBJECT_CONVERSION = YES_AGGRESSIVE;
				CLANG_CXX_LANGUAGE_STANDARD = "gnu++20";
				CLANG_ENABLE_MODULES = YES;
				CLANG_ENABLE_OBJC_ARC = YES;
				CLANG_ENABLE_OBJC_WEAK = YES;
				COPY_PHASE_STRIP = NO;
				DEBUG_INFORMATION_FORMAT = dwarf;
				ENABLE_STRICT_OBJC_MSGSEND = YES;
				ENABLE_TESTABILITY = YES;
				GCC_DYNAMIC_NO_PIC = NO;
				GCC_NO_COMMON_BLOCKS = YES;
				GCC_OPTIMIZATION_LEVEL = 0;
				GCC_PREPROCESSOR_DEFINITIONS = ("DEBUG=1", "$(inherited)", );
				GCC_WARN_64_TO_32_BIT_CONVERSION = YES;
				GCC_WARN_ABOUT_RETURN_TYPE = YES_ERROR;
				GCC_WARN_UNDECLARED_SELECTOR = YES;
				GCC_WARN_UNINITIALIZED_AUTOS = YES_AGGRESSIVE;
				GCC_WARN_UNUSED_FUNCTION = YES;
				GCC_WARN_UNUSED_VARIABLE = YES;
				IPHONEOS_DEPLOYMENT_TARGET = 17.0;
				LOCALIZATION_PREFERS_STRING_CATALOGS = YES;
				MTL_ENABLE_DEBUG_INFO = INCLUDE_SOURCE;
				MTL_FAST_MATH = YES;
				ONLY_ACTIVE_ARCH = YES;
				SDKROOT = iphoneos;
				SWIFT_ACTIVE_COMPILATION_CONDITIONS = "DEBUG $(inherited)";
				SWIFT_OPTIMIZATION_LEVEL = "-Onone";
				SWIFT_VERSION = 5.0;
			};
			name = Debug;
		};
		495D0528B76BF2540D16C699 /* Release */ = {
			isa = XCBuildConfiguration;
			buildSettings = {
				ALWAYS_SEARCH_USER_PATHS = NO;
				CLANG_ANALYZER_NONNULL = YES;
				CLANG_ANALYZER_NUMBER_OBJECT_CONVERSION = YES_AGGRESSIVE;
				CLANG_CXX_LANGUAGE_STANDARD = "gnu++20";
				CLANG_ENABLE_MODULES = YES;
				CLANG_ENABLE_OBJC_ARC = YES;
				CLANG_ENABLE_OBJC_WEAK = YES;
				COPY_PHASE_STRIP = NO;
				DEBUG_INFORMATION_FORMAT = "dwarf-with-dsym";
				ENABLE_NS_ASSERTIONS = NO;
				ENABLE_STRICT_OBJC_MSGSEND = YES;
				GCC_NO_COMMON_BLOCKS = YES;
				GCC_WARN_64_TO_32_BIT_CONVERSION = YES;
				GCC_WARN_ABOUT_RETURN_TYPE = YES_ERROR;
				GCC_WARN_UNDECLARED_SELECTOR = YES;
				GCC_WARN_UNINITIALIZED_AUTOS = YES_AGGRESSIVE;
				GCC_WARN_UNUSED_FUNCTION = YES;
				GCC_WARN_UNUSED_VARIABLE = YES;
				IPHONEOS_DEPLOYMENT_TARGET = 17.0;
				LOCALIZATION_PREFERS_STRING_CATALOGS = YES;
				MTL_ENABLE_DEBUG_INFO = NO;
				MTL_FAST_MATH = YES;
				SDKROOT = iphoneos;
				SWIFT_COMPILATION_MODE = wholemodule;
				SWIFT_VERSION = 5.0;
				VALIDATE_PRODUCT = YES;
			};
			name = Release;
		};
		C28524189B3DBDDC5694E8C9 /* Debug */ = {
			isa = XCBuildConfiguration;
			buildSettings = {
				ASSETCATALOG_COMPILER_APPICON_NAME = AppIcon;
				ASSETCATALOG_COMPILER_GLOBAL_ACCENT_COLOR_NAME = AccentColor;
				CODE_SIGN_ENTITLEMENTS = HandsOffTimer/HandsOffTimer.entitlements;
				CODE_SIGN_STYLE = Automatic;
				CURRENT_PROJECT_VERSION = 1;
				DEVELOPMENT_TEAM = "";
				ENABLE_PREVIEWS = YES;
				GENERATE_INFOPLIST_FILE = YES;
				INFOPLIST_FILE = HandsOffTimer/Info.plist;
				INFOPLIST_KEY_CFBundleDisplayName = "Hands-Off Timer";
				INFOPLIST_KEY_LSApplicationCategoryType = "public.app-category.productivity";
				INFOPLIST_KEY_NSSupportsLiveActivities = YES;
				INFOPLIST_KEY_UIApplicationSceneManifest_Generation = YES;
				INFOPLIST_KEY_UIApplicationSupportsIndirectInputEvents = YES;
				INFOPLIST_KEY_UILaunchScreen_Generation = YES;
				INFOPLIST_KEY_UISupportedInterfaceOrientations = "UIInterfaceOrientationPortrait";
				INFOPLIST_KEY_UISupportedInterfaceOrientations_iPad = "UIInterfaceOrientationPortrait UIInterfaceOrientationPortraitUpsideDown UIInterfaceOrientationLandscapeLeft UIInterfaceOrientationLandscapeRight";
				IPHONEOS_DEPLOYMENT_TARGET = 17.0;
				LD_RUNPATH_SEARCH_PATHS = ("$(inherited)", "@executable_path/Frameworks", );
				MARKETING_VERSION = 1.0;
				PRODUCT_BUNDLE_IDENTIFIER = com.mueller4.HandsOffTimer;
				PRODUCT_NAME = "HandsOffTimer";
				SUPPORTED_PLATFORMS = "iphoneos iphonesimulator";
				SUPPORTS_MACCATALYST = NO;
				SUPPORTS_MAC_DESIGNED_FOR_IPHONE_IPAD = NO;
				SUPPORTS_XR_DESIGNED_FOR_IPHONE_IPAD = NO;
				SWIFT_EMIT_LOC_STRINGS = YES;
				SWIFT_STRICT_CONCURRENCY = targeted;
				SWIFT_VERSION = 5.0;
				TARGETED_DEVICE_FAMILY = "1";
			};
			name = Debug;
		};
		83C979FBAA6D5C8759B1C242 /* Release */ = {
			isa = XCBuildConfiguration;
			buildSettings = {
				ASSETCATALOG_COMPILER_APPICON_NAME = AppIcon;
				ASSETCATALOG_COMPILER_GLOBAL_ACCENT_COLOR_NAME = AccentColor;
				CODE_SIGN_ENTITLEMENTS = HandsOffTimer/HandsOffTimer.entitlements;
				CODE_SIGN_STYLE = Automatic;
				CURRENT_PROJECT_VERSION = 1;
				DEVELOPMENT_TEAM = "";
				ENABLE_PREVIEWS = YES;
				GENERATE_INFOPLIST_FILE = YES;
				INFOPLIST_FILE = HandsOffTimer/Info.plist;
				INFOPLIST_KEY_CFBundleDisplayName = "Hands-Off Timer";
				INFOPLIST_KEY_LSApplicationCategoryType = "public.app-category.productivity";
				INFOPLIST_KEY_NSSupportsLiveActivities = YES;
				INFOPLIST_KEY_UIApplicationSceneManifest_Generation = YES;
				INFOPLIST_KEY_UIApplicationSupportsIndirectInputEvents = YES;
				INFOPLIST_KEY_UILaunchScreen_Generation = YES;
				INFOPLIST_KEY_UISupportedInterfaceOrientations = "UIInterfaceOrientationPortrait";
				INFOPLIST_KEY_UISupportedInterfaceOrientations_iPad = "UIInterfaceOrientationPortrait UIInterfaceOrientationPortraitUpsideDown UIInterfaceOrientationLandscapeLeft UIInterfaceOrientationLandscapeRight";
				IPHONEOS_DEPLOYMENT_TARGET = 17.0;
				LD_RUNPATH_SEARCH_PATHS = ("$(inherited)", "@executable_path/Frameworks", );
				MARKETING_VERSION = 1.0;
				PRODUCT_BUNDLE_IDENTIFIER = com.mueller4.HandsOffTimer;
				PRODUCT_NAME = "HandsOffTimer";
				SUPPORTED_PLATFORMS = "iphoneos iphonesimulator";
				SUPPORTS_MACCATALYST = NO;
				SUPPORTS_MAC_DESIGNED_FOR_IPHONE_IPAD = NO;
				SUPPORTS_XR_DESIGNED_FOR_IPHONE_IPAD = NO;
				SWIFT_EMIT_LOC_STRINGS = YES;
				SWIFT_STRICT_CONCURRENCY = targeted;
				SWIFT_VERSION = 5.0;
				TARGETED_DEVICE_FAMILY = "1";
			};
			name = Release;
		};
		8C9ADC2025940101FF4AD086 /* Debug */ = {
			isa = XCBuildConfiguration;
			buildSettings = {
				CODE_SIGN_STYLE = Automatic;
				CURRENT_PROJECT_VERSION = 1;
				DEVELOPMENT_TEAM = "";
				GENERATE_INFOPLIST_FILE = YES;
				INFOPLIST_FILE = ChainActivityWidget/Info.plist;
				INFOPLIST_KEY_CFBundleDisplayName = "Hands-Off Timer";
				INFOPLIST_KEY_NSHumanReadableCopyright = "";
				IPHONEOS_DEPLOYMENT_TARGET = 17.0;
				LD_RUNPATH_SEARCH_PATHS = ("$(inherited)", "@executable_path/Frameworks", "@executable_path/../../Frameworks", );
				MARKETING_VERSION = 1.0;
				PRODUCT_BUNDLE_IDENTIFIER = com.mueller4.HandsOffTimer.ChainActivity;
				PRODUCT_NAME = "$(TARGET_NAME)";
				SKIP_INSTALL = YES;
				SUPPORTED_PLATFORMS = "iphoneos iphonesimulator";
				SUPPORTS_MACCATALYST = NO;
				SUPPORTS_MAC_DESIGNED_FOR_IPHONE_IPAD = NO;
				SUPPORTS_XR_DESIGNED_FOR_IPHONE_IPAD = NO;
				SWIFT_EMIT_LOC_STRINGS = YES;
				SWIFT_VERSION = 5.0;
				TARGETED_DEVICE_FAMILY = "1";
			};
			name = Debug;
		};
		6EC277081D4390B2AD43B813 /* Release */ = {
			isa = XCBuildConfiguration;
			buildSettings = {
				CODE_SIGN_STYLE = Automatic;
				CURRENT_PROJECT_VERSION = 1;
				DEVELOPMENT_TEAM = "";
				GENERATE_INFOPLIST_FILE = YES;
				INFOPLIST_FILE = ChainActivityWidget/Info.plist;
				INFOPLIST_KEY_CFBundleDisplayName = "Hands-Off Timer";
				INFOPLIST_KEY_NSHumanReadableCopyright = "";
				IPHONEOS_DEPLOYMENT_TARGET = 17.0;
				LD_RUNPATH_SEARCH_PATHS = ("$(inherited)", "@executable_path/Frameworks", "@executable_path/../../Frameworks", );
				MARKETING_VERSION = 1.0;
				PRODUCT_BUNDLE_IDENTIFIER = com.mueller4.HandsOffTimer.ChainActivity;
				PRODUCT_NAME = "$(TARGET_NAME)";
				SKIP_INSTALL = YES;
				SUPPORTED_PLATFORMS = "iphoneos iphonesimulator";
				SUPPORTS_MACCATALYST = NO;
				SUPPORTS_MAC_DESIGNED_FOR_IPHONE_IPAD = NO;
				SUPPORTS_XR_DESIGNED_FOR_IPHONE_IPAD = NO;
				SWIFT_EMIT_LOC_STRINGS = YES;
				SWIFT_VERSION = 5.0;
				TARGETED_DEVICE_FAMILY = "1";
			};
			name = Release;
		};
/* End XCBuildConfiguration section */

/* Begin XCConfigurationList section */
		A8EBF7DF40BB752C0C81F1DD /* Build configuration list for PBXProject "HandsOffTimer" */ = {
			isa = XCConfigurationList;
			buildConfigurations = (
				60F5D10CE1D47B2A6789CA04 /* Debug */,
				495D0528B76BF2540D16C699 /* Release */,
			);
			defaultConfigurationIsVisible = 0;
			defaultConfigurationName = Release;
		};
		D1BEFC1DE9D33B960EBAA87C /* Build configuration list for PBXNativeTarget "HandsOffTimer" */ = {
			isa = XCConfigurationList;
			buildConfigurations = (
				C28524189B3DBDDC5694E8C9 /* Debug */,
				83C979FBAA6D5C8759B1C242 /* Release */,
			);
			defaultConfigurationIsVisible = 0;
			defaultConfigurationName = Release;
		};
		918DD7DDBF3DCE7F79E203F6 /* Build configuration list for PBXNativeTarget "ChainActivityWidget" */ = {
			isa = XCConfigurationList;
			buildConfigurations = (
				8C9ADC2025940101FF4AD086 /* Debug */,
				6EC277081D4390B2AD43B813 /* Release */,
			);
			defaultConfigurationIsVisible = 0;
			defaultConfigurationName = Release;
		};
/* End XCConfigurationList section */
	};
	rootObject = A10000000000000000000003 /* Project object */;
}
