// !$*UTF8*$!
{
	archiveVersion = 1;
	classes = {
	};
	objectVersion = 56;
	objects = {

/* Begin PBXBuildFile section */
		94CE36D0D764CB042DE31EE2 /* HandsOffTimerApp.swift in Sources */ = {isa = PBXBuildFile; fileRef = C63C0BFC788FA38A281E667C /* HandsOffTimerApp.swift */; };
		B708255B69D310C4F634B875 /* ContentView.swift in Sources */ = {isa = PBXBuildFile; fileRef = 74637F5EB7282A70E82F2A77 /* ContentView.swift */; };
		18ECE8C8E98DFAE781179326 /* AppRouter.swift in Sources */ = {isa = PBXBuildFile; fileRef = 644BCA276B8B72339A0F995C /* AppRouter.swift */; };
		56DEDD8E0C866217213DA951 /* Models.swift in Sources */ = {isa = PBXBuildFile; fileRef = 76C7593C463BC0205EA97835 /* Models.swift */; };
		EED95F5B55A732D7BC221A0E /* Formatters.swift in Sources */ = {isa = PBXBuildFile; fileRef = 033C2AAB8205777E3072DF72 /* Formatters.swift */; };
		932F94323CD0D9B9829F4867 /* Haptics.swift in Sources */ = {isa = PBXBuildFile; fileRef = DDF7A91D59FE678863B5806D /* Haptics.swift */; };
		41C22EE0FEBED99A10504649 /* ChainEngine.swift in Sources */ = {isa = PBXBuildFile; fileRef = C4064B75845DA09BAE8B2022 /* ChainEngine.swift */; };
		81245182CBAC4CDC3C551E3E /* ChainStore.swift in Sources */ = {isa = PBXBuildFile; fileRef = 71B5E91FE14CDEDC234C8847 /* ChainStore.swift */; };
		6E09AC06E72DA81B4362BCB5 /* NotificationGateway.swift in Sources */ = {isa = PBXBuildFile; fileRef = 8BF239A1C403147F86407723 /* NotificationGateway.swift */; };
		E567781651D7CB37B5572042 /* AppDelegate.swift in Sources */ = {isa = PBXBuildFile; fileRef = 28FD129C276B2660B77B8C59 /* AppDelegate.swift */; };
		DC90C3F9F0F4B7B68D6C5394 /* ChainActivityAttributes.swift in Sources */ = {isa = PBXBuildFile; fileRef = 5C453F7819BDEFC4FD1089A9 /* ChainActivityAttributes.swift */; };
		3A18342C764DF58E62D47496 /* LiveActivityController.swift in Sources */ = {isa = PBXBuildFile; fileRef = C916EB88FD21246E3F08EE51 /* LiveActivityController.swift */; };
		B5085FB6C95A5607070D3FC5 /* HomeView.swift in Sources */ = {isa = PBXBuildFile; fileRef = 45A5BF7B07F7FF986E9B3A91 /* HomeView.swift */; };
		C4C83229C0111A286D0D9F97 /* ChainEditorView.swift in Sources */ = {isa = PBXBuildFile; fileRef = 34E00C0261640F48231C7BC0 /* ChainEditorView.swift */; };
		5D1976DC9439AC65DEBBDBE2 /* RunView.swift in Sources */ = {isa = PBXBuildFile; fileRef = C28D4FBE1E1C7EFD6A5ACB0B /* RunView.swift */; };
		7E9DCC1EAE6303F9CB931100 /* ChainActivityWidget.swift in Sources */ = {isa = PBXBuildFile; fileRef = FAAE56B25DB696C8EDBB7849 /* ChainActivityWidget.swift */; };
		16E39014F9B7195E7BF70290 /* ChainActivityAttributes.swift in Sources */ = {isa = PBXBuildFile; fileRef = 5C453F7819BDEFC4FD1089A9 /* ChainActivityAttributes.swift */; };
		BCE4B6C1E4008FC299DBBF34 /* Assets.xcassets in Resources */ = {isa = PBXBuildFile; fileRef = AC9E1AB146F6A81D005752C2 /* Assets.xcassets */; };
		44F5549DBE936ABC68C464B8 /* Assets.xcassets in Resources */ = {isa = PBXBuildFile; fileRef = A041F2287CE4BF63FD99A4D9 /* Assets.xcassets */; };
		EE4D1F18804B20814B3302A9 /* SwiftUI.framework in Frameworks */ = {isa = PBXBuildFile; fileRef = 0E2AE80C122615E76B57CAE6 /* SwiftUI.framework */; };
		7D9281B2E168BD0DE03241FC /* ActivityKit.framework in Frameworks */ = {isa = PBXBuildFile; fileRef = C67F9412589A9B3BB9F84498 /* ActivityKit.framework */; };
		8043E89969EC5A4B9F8C9F17 /* SwiftUI.framework in Frameworks */ = {isa = PBXBuildFile; fileRef = 0E2AE80C122615E76B57CAE6 /* SwiftUI.framework */; };
		6AB206239DF3E3E6EEF8EE09 /* WidgetKit.framework in Frameworks */ = {isa = PBXBuildFile; fileRef = 5252A49CB41A8E76CF422EEB /* WidgetKit.framework */; };
		36A8AB380A32D2004701230A /* ActivityKit.framework in Frameworks */ = {isa = PBXBuildFile; fileRef = C67F9412589A9B3BB9F84498 /* ActivityKit.framework */; };
		E6F1ACD21C913B732DC0936F /* ChainActivityWidget.appex in Embed Foundation Extensions */ = {isa = PBXBuildFile; fileRef = EADE3016B4A2A9BB3D88E396 /* ChainActivityWidget.appex */; settings = {ATTRIBUTES = (RemoveHeadersOnCopy, ); }; };
		A11A01010000000000000001 /* AlarmKitGateway.swift in Sources */ = {isa = PBXBuildFile; fileRef = A11A0101000000000000F001 /* AlarmKitGateway.swift */; };
		A11A01010000000000000002 /* AcknowledgeStepIntent.swift in Sources */ = {isa = PBXBuildFile; fileRef = A11A0101000000000000F002 /* AcknowledgeStepIntent.swift */; };
		A11A01010000000000000003 /* StepEndMetadata.swift in Sources */ = {isa = PBXBuildFile; fileRef = A11A0101000000000000F003 /* StepEndMetadata.swift */; };
		A11A01010000000000000004 /* StepEndMetadata.swift in Sources */ = {isa = PBXBuildFile; fileRef = A11A0101000000000000F003 /* StepEndMetadata.swift */; };
		A11A01010000000000000005 /* StepEndAlarmActivity.swift in Sources */ = {isa = PBXBuildFile; fileRef = A11A0101000000000000F005 /* StepEndAlarmActivity.swift */; };
		A11A01010000000000000006 /* HandsOffTimerWidgets.swift in Sources */ = {isa = PBXBuildFile; fileRef = A11A0101000000000000F006 /* HandsOffTimerWidgets.swift */; };
		A11A01010000000000000007 /* AlarmKit.framework in Frameworks */ = {isa = PBXBuildFile; fileRef = A11A0101000000000000F007 /* AlarmKit.framework */; };
		A11A01010000000000000008 /* AlarmKit.framework in Frameworks */ = {isa = PBXBuildFile; fileRef = A11A0101000000000000F007 /* AlarmKit.framework */; };
		A11A0101000000000000000A /* AppIntents.framework in Frameworks */ = {isa = PBXBuildFile; fileRef = A11A0101000000000000F008 /* AppIntents.framework */; };
		A11A0101000000000000000B /* AppIntents.framework in Frameworks */ = {isa = PBXBuildFile; fileRef = A11A0101000000000000F008 /* AppIntents.framework */; };
/* End PBXBuildFile section */
